{
  "requires": true,
  "lockfileVersion": 1,
  "dependencies": {
    "fsevents": {
      "version": "2.3.2",
      "resolved": "https://registry.npmjs.org/fsevents/-/fsevents-2.3.2.tgz",
      "integrity": "sha512-xiqMQR4xAeHTuB9uWm+fFRcIOgKBMiOBP+eXiyT7jsgVCq1bkVygt00oASowB7EdtpOHaaPgKt812P9ab+DDKA==",
      "dev": true,
      "optional": true
    },
    "prettier": {
      "version": "2.0.5",
      "resolved": "https://registry.npmjs.org/prettier/-/prettier-2.0.5.tgz",
      "integrity": "sha512-7PtVymN48hGcO4fGjybyBSIWDsLU4H4XlvOHfq91pz9kkGlonzwTfYkaIEwiRg/dAJF9YlbsduBAgtYLi+8cFg==",
      "dev": true
    },
    "rollup": {
      "version": "2.42.0",
      "resolved": "https://registry.npmjs.org/rollup/-/rollup-2.42.0.tgz",
      "integrity": "sha512-P9bJnaZ2P0hawoJo+Jto8YZZqil9URogNVE4KJeyj6wrUSDIbdMvmj7CsyEFwdXu/I5SiWEzB1hfmLeMldH6ww==",
      "dev": true,
      "requires": {
        "fsevents": "~2.3.1"
      }
    }
  }
}
